// !$*UTF8*$!
{
	archiveVersion = 1;
	classes = {
	};
	objectVersion = 46;
	objects = {

/* Begin PBXBuildFile section */
		6612CF3E1BEAC7140038CBBA /* Resources.bundle in Resources */ = {isa = PBXBuildFile; fileRef = 6612CF3D1BEAC7140038CBBA /* Resources.bundle */; };
		667F8A151BE97E1900AECC1F /* SDKTests.h in Headers */ = {isa = PBXBuildFile; fileRef = 667F8A141BE97E1900AECC1F /* SDKTests.h */; settings = {ATTRIBUTES = (Public, ); }; };
		667F8A1C1BE97E1900AECC1F /* SDKTests.framework in Frameworks */ = {isa = PBXBuildFile; fileRef = 667F8A111BE97E1900AECC1F /* SDKTests.framework */; };
		667F8A211BE97E1900AECC1F /* SDKTestsTests.m in Sources */ = {isa = PBXBuildFile; fileRef = 667F8A201BE97E1900AECC1F /* SDKTestsTests.m */; };
		8A0AE26E9B0483063E88D04A /* libPods.a in Frameworks */ = {isa = PBXBuildFile; fileRef = 19B0CF8BDA77B2FEE8C3AA83 /* libPods.a */; };
		EF32A982A747DD2D5435B850 /* libPods.a in Frameworks */ = {isa = PBXBuildFile; fileRef = 19B0CF8BDA77B2FEE8C3AA83 /* libPods.a */; };
/* End PBXBuildFile section */

/* Begin PBXContainerItemProxy section */
		667F8A1D1BE97E1900AECC1F /* PBXContainerItemProxy */ = {
			isa = PBXContainerItemProxy;
			containerPortal = 667F8A081BE97E1900AECC1F /* Project object */;
			proxyType = 1;
			remoteGlobalIDString = 667F8A101BE97E1900AECC1F;
			remoteInfo = SDKTests;
		};
/* End PBXContainerItemProxy section */

/* Begin PBXFileReference section */
		19B0CF8BDA77B2FEE8C3AA83 /* libPods.a */ = {isa = PBXFileReference; explicitFileType = archive.ar; includeInIndex = 0; path = libPods.a; sourceTree = BUILT_PRODUCTS_DIR; };
		57D0D3D5C4A4A966D52B5449 /* Pods.release.xcconfig */ = {isa = PBXFileReference; includeInIndex = 1; lastKnownFileType = text.xcconfig; name = Pods.release.xcconfig; path = "Pods/Target Support Files/Pods/Pods.release.xcconfig"; sourceTree = "<group>"; };
		6612CF3D1BEAC7140038CBBA /* Resources.bundle */ = {isa = PBXFileReference; lastKnownFileType = "wrapper.plug-in"; path = Resources.bundle; sourceTree = SOURCE_ROOT; };
		667F8A111BE97E1900AECC1F /* SDKTests.framework */ = {isa = PBXFileReference; explicitFileType = wrapper.framework; includeInIndex = 0; path = SDKTests.framework; sourceTree = BUILT_PRODUCTS_DIR; };
		667F8A141BE97E1900AECC1F /* SDKTests.h */ = {isa = PBXFileReference; lastKnownFileType = sourcecode.c.h; path = SDKTests.h; sourceTree = "<group>"; };
		667F8A161BE97E1900AECC1F /* Info.plist */ = {isa = PBXFileReference; lastKnownFileType = text.plist.xml; path = Info.plist; sourceTree = "<group>"; };
		667F8A1B1BE97E1900AECC1F /* SDKTestsTests.xctest */ = {isa = PBXFileReference; explicitFileType = wrapper.cfbundle; includeInIndex = 0; path = SDKTestsTests.xctest; sourceTree = BUILT_PRODUCTS_DIR; };
		667F8A201BE97E1900AECC1F /* SDKTestsTests.m */ = {isa = PBXFileReference; lastKnownFileType = sourcecode.c.objc; path = SDKTestsTests.m; sourceTree = "<group>"; };
		667F8A221BE97E1900AECC1F /* Info.plist */ = {isa = PBXFileReference; lastKnownFileType = text.plist.xml; path = Info.plist; sourceTree = "<group>"; };
		BE0DD87F96E54D4E4431E145 /* Pods.debug.xcconfig */ = {isa = PBXFileReference; includeInIndex = 1; lastKnownFileType = text.xcconfig; name = Pods.debug.xcconfig; path = "Pods/Target Support Files/Pods/Pods.debug.xcconfig"; sourceTree = "<group>"; };
/* End PBXFileReference section */

/* Begin PBXFrameworksBuildPhase section */
		667F8A0D1BE97E1900AECC1F /* Frameworks */ = {
			isa = PBXFrameworksBuildPhase;
			buildActionMask = 2147483647;
			files = (
				8A0AE26E9B0483063E88D04A /* libPods.a in Frameworks */,
			);
			runOnlyForDeploymentPostprocessing = 0;
		};
		667F8A181BE97E1900AECC1F /* Frameworks */ = {
			isa = PBXFrameworksBuildPhase;
			buildActionMask = 2147483647;
			files = (
				667F8A1C1BE97E1900AECC1F /* SDKTests.framework in Frameworks */,
				EF32A982A747DD2D5435B850 /* libPods.a in Frameworks */,
			);
			runOnlyForDeploymentPostprocessing = 0;
		};
/* End PBXFrameworksBuildPhase section */

/* Begin PBXGroup section */
		667F8A071BE97E1900AECC1F = {
			isa = PBXGroup;
			children = (
				667F8A131BE97E1900AECC1F /* SDKTests */,
				667F8A1F1BE97E1900AECC1F /* SDKTestsTests */,
				667F8A121BE97E1900AECC1F /* Products */,
				6C393D9A2615BE3FA4557F53 /* Pods */,
				E97BF4C9D7087FD9E682EC07 /* Frameworks */,
			);
			sourceTree = "<group>";
		};
		667F8A121BE97E1900AECC1F /* Products */ = {
			isa = PBXGroup;
			children = (
				667F8A111BE97E1900AECC1F /* SDKTests.framework */,
				667F8A1B1BE97E1900AECC1F /* SDKTestsTests.xctest */,
			);
			name = Products;
			sourceTree = "<group>";
		};
		667F8A131BE97E1900AECC1F /* SDKTests */ = {
			isa = PBXGroup;
			children = (
				667F8A141BE97E1900AECC1F /* SDKTests.h */,
				667F8A161BE97E1900AECC1F /* Info.plist */,
			);
			path = SDKTests;
			sourceTree = "<group>";
		};
		667F8A1F1BE97E1900AECC1F /* SDKTestsTests */ = {
			isa = PBXGroup;
			children = (
				6612CF3D1BEAC7140038CBBA /* Resources.bundle */,
				667F8A201BE97E1900AECC1F /* SDKTestsTests.m */,
				667F8A221BE97E1900AECC1F /* Info.plist */,
			);
			path = SDKTestsTests;
			sourceTree = "<group>";
		};
		6C393D9A2615BE3FA4557F53 /* Pods */ = {
			isa = PBXGroup;
			children = (
				BE0DD87F96E54D4E4431E145 /* Pods.debug.xcconfig */,
				57D0D3D5C4A4A966D52B5449 /* Pods.release.xcconfig */,
			);
			name = Pods;
			sourceTree = "<group>";
		};
		E97BF4C9D7087FD9E682EC07 /* Frameworks */ = {
			isa = PBXGroup;
			children = (
				19B0CF8BDA77B2FEE8C3AA83 /* libPods.a */,
			);
			name = Frameworks;
			sourceTree = "<group>";
		};
/* End PBXGroup section */

/* Begin PBXHeadersBuildPhase section */
		667F8A0E1BE97E1900AECC1F /* Headers */ = {
			isa = PBXHeadersBuildPhase;
			buildActionMask = 2147483647;
			files = (
				667F8A151BE97E1900AECC1F /* SDKTests.h in Headers */,
			);
			runOnlyForDeploymentPostprocessing = 0;
		};
/* End PBXHeadersBuildPhase section */

/* Begin PBXNativeTarget section */
		667F8A101BE97E1900AECC1F /* SDKTests */ = {
			isa = PBXNativeTarget;
			buildConfigurationList = 667F8A251BE97E1900AECC1F /* Build configuration list for PBXNativeTarget "SDKTests" */;
			buildPhases = (
				52ED38105A2D65EFD08780BC /* Check Pods Manifest.lock */,
				667F8A0C1BE97E1900AECC1F /* Sources */,
				667F8A0D1BE97E1900AECC1F /* Frameworks */,
				667F8A0E1BE97E1900AECC1F /* Headers */,
				667F8A0F1BE97E1900AECC1F /* Resources */,
				CB34122B587A6896BA4DE948 /* Copy Pods Resources */,
			);
			buildRules = (
			);
			dependencies = (
			);
			name = SDKTests;
			productName = SDKTests;
			productReference = 667F8A111BE97E1900AECC1F /* SDKTests.framework */;
			productType = "com.apple.product-type.framework";
		};
		667F8A1A1BE97E1900AECC1F /* SDKTestsTests */ = {
			isa = PBXNativeTarget;
			buildConfigurationList = 667F8A281BE97E1900AECC1F /* Build configuration list for PBXNativeTarget "SDKTestsTests" */;
			buildPhases = (
				E26453C6A663578296F71C9E /* Check Pods Manifest.lock */,
				667F8A171BE97E1900AECC1F /* Sources */,
				667F8A181BE97E1900AECC1F /* Frameworks */,
				667F8A191BE97E1900AECC1F /* Resources */,
				6480EFA13D15607655DA8150 /* Embed Pods Frameworks */,
				86CA7E2C30E96AF10CC1F7BF /* Copy Pods Resources */,
			);
			buildRules = (
			);
			dependencies = (
				667F8A1E1BE97E1900AECC1F /* PBXTargetDependency */,
			);
			name = SDKTestsTests;
			productName = SDKTestsTests;
			productReference = 667F8A1B1BE97E1900AECC1F /* SDKTestsTests.xctest */;
			productType = "com.apple.product-type.bundle.unit-test";
		};
/* End PBXNativeTarget section */

/* Begin PBXProject section */
		667F8A081BE97E1900AECC1F /* Project object */ = {
			isa = PBXProject;
			attributes = {
				LastUpgradeCheck = 0710;
				ORGANIZATIONNAME = "Mike Roseleip";
				TargetAttributes = {
					667F8A101BE97E1900AECC1F = {
						CreatedOnToolsVersion = 7.1;
					};
					667F8A1A1BE97E1900AECC1F = {
						CreatedOnToolsVersion = 7.1;
					};
				};
			};
			buildConfigurationList = 667F8A0B1BE97E1900AECC1F /* Build configuration list for PBXProject "SDKTests" */;
			compatibilityVersion = "Xcode 3.2";
			developmentRegion = English;
			hasScannedForEncodings = 0;
			knownRegions = (
				en,
			);
			mainGroup = 667F8A071BE97E1900AECC1F;
			productRefGroup = 667F8A121BE97E1900AECC1F /* Products */;
			projectDirPath = "";
			projectRoot = "";
			targets = (
				667F8A101BE97E1900AECC1F /* SDKTests */,
				667F8A1A1BE97E1900AECC1F /* SDKTestsTests */,
			);
		};
/* End PBXProject section */

/* Begin PBXResourcesBuildPhase section */
		667F8A0F1BE97E1900AECC1F /* Resources */ = {
			isa = PBXResourcesBuildPhase;
			buildActionMask = 2147483647;
			files = (
			);
			runOnlyForDeploymentPostprocessing = 0;
		};
		667F8A191BE97E1900AECC1F /* Resources */ = {
			isa = PBXResourcesBuildPhase;
			buildActionMask = 2147483647;
			files = (
				6612CF3E1BEAC7140038CBBA /* Resources.bundle in Resources */,
			);
			runOnlyForDeploymentPostprocessing = 0;
		};
/* End PBXResourcesBuildPhase section */

/* Begin PBXShellScriptBuildPhase section */
		52ED38105A2D65EFD08780BC /* Check Pods Manifest.lock */ = {
			isa = PBXShellScriptBuildPhase;
			buildActionMask = 2147483647;
			files = (
			);
			inputPaths = (
			);
			name = "Check Pods Manifest.lock";
			outputPaths = (
			);
			runOnlyForDeploymentPostprocessing = 0;
			shellPath = /bin/sh;
			shellScript = "diff \"${PODS_ROOT}/../Podfile.lock\" \"${PODS_ROOT}/Manifest.lock\" > /dev/null\nif [[ $? != 0 ]] ; then\n    cat << EOM\nerror: The sandbox is not in sync with the Podfile.lock. Run 'pod install' or update your CocoaPods installation.\nEOM\n    exit 1\nfi\n";
			showEnvVarsInLog = 0;
		};
		6480EFA13D15607655DA8150 /* Embed Pods Frameworks */ = {
			isa = PBXShellScriptBuildPhase;
			buildActionMask = 2147483647;
			files = (
			);
			inputPaths = (
			);
			name = "Embed Pods Frameworks";
			outputPaths = (
			);
			runOnlyForDeploymentPostprocessing = 0;
			shellPath = /bin/sh;
			shellScript = "\"${SRCROOT}/Pods/Target Support Files/Pods/Pods-frameworks.sh\"\n";
			showEnvVarsInLog = 0;
		};
		86CA7E2C30E96AF10CC1F7BF /* Copy Pods Resources */ = {
			isa = PBXShellScriptBuildPhase;
			buildActionMask = 2147483647;
			files = (
			);
			inputPaths = (
			);
			name = "Copy Pods Resources";
			outputPaths = (
			);
			runOnlyForDeploymentPostprocessing = 0;
			shellPath = /bin/sh;
			shellScript = "\"${SRCROOT}/Pods/Target Support Files/Pods/Pods-resources.sh\"\n";
			showEnvVarsInLog = 0;
		};
		CB34122B587A6896BA4DE948 /* Copy Pods Resources */ = {
			isa = PBXShellScriptBuildPhase;
			buildActionMask = 2147483647;
			files = (
			);
			inputPaths = (
			);
			name = "Copy Pods Resources";
			outputPaths = (
			);
			runOnlyForDeploymentPostprocessing = 0;
			shellPath = /bin/sh;
			shellScript = "\"${SRCROOT}/Pods/Target Support Files/Pods/Pods-resources.sh\"\n";
			showEnvVarsInLog = 0;
		};
		E26453C6A663578296F71C9E /* Check Pods Manifest.lock */ = {
			isa = PBXShellScriptBuildPhase;
			buildActionMask = 2147483647;
			files = (
			);
			inputPaths = (
			);
			name = "Check Pods Manifest.lock";
			outputPaths = (
			);
			runOnlyForDeploymentPostprocessing = 0;
			shellPath = /bin/sh;
			shellScript = "diff \"${PODS_ROOT}/../Podfile.lock\" \"${PODS_ROOT}/Manifest.lock\" > /dev/null\nif [[ $? != 0 ]] ; then\n    cat << EOM\nerror: The sandbox is not in sync with the Podfile.lock. Run 'pod install' or update your CocoaPods installation.\nEOM\n    exit 1\nfi\n";
			showEnvVarsInLog = 0;
		};
/* End PBXShellScriptBuildPhase section */

/* Begin PBXSourcesBuildPhase section */
		667F8A0C1BE97E1900AECC1F /* Sources */ = {
			isa = PBXSourcesBuildPhase;
			buildActionMask = 2147483647;
			files = (
			);
			runOnlyForDeploymentPostprocessing = 0;
		};
		667F8A171BE97E1900AECC1F /* Sources */ = {
			isa = PBXSourcesBuildPhase;
			buildActionMask = 2147483647;
			files = (
				667F8A211BE97E1900AECC1F /* SDKTestsTests.m in Sources */,
			);
			runOnlyForDeploymentPostprocessing = 0;
		};
/* End PBXSourcesBuildPhase section */

/* Begin PBXTargetDependency section */
		667F8A1E1BE97E1900AECC1F /* PBXTargetDependency */ = {
			isa = PBXTargetDependency;
			target = 667F8A101BE97E1900AECC1F /* SDKTests */;
			targetProxy = 667F8A1D1BE97E1900AECC1F /* PBXContainerItemProxy */;
		};
/* End PBXTargetDependency section */

/* Begin XCBuildConfiguration section */
		667F8A231BE97E1900AECC1F /* Debug */ = {
			isa = XCBuildConfiguration;
			buildSettings = {
				ALWAYS_SEARCH_USER_PATHS = NO;
				CLANG_CXX_LANGUAGE_STANDARD = "gnu++0x";
				CLANG_CXX_LIBRARY = "libc++";
				CLANG_ENABLE_MODULES = YES;
				CLANG_ENABLE_OBJC_ARC = YES;
				CLANG_WARN_BOOL_CONVERSION = YES;
				CLANG_WARN_CONSTANT_CONVERSION = YES;
				CLANG_WARN_DIRECT_OBJC_ISA_USAGE = YES_ERROR;
				CLANG_WARN_EMPTY_BODY = YES;
				CLANG_WARN_ENUM_CONVERSION = YES;
				CLANG_WARN_INT_CONVERSION = YES;
				CLANG_WARN_OBJC_ROOT_CLASS = YES_ERROR;
				CLANG_WARN_UNREACHABLE_CODE = YES;
				CLANG_WARN__DUPLICATE_METHOD_MATCH = YES;
				"CODE_SIGN_IDENTITY[sdk=iphoneos*]" = "iPhone Developer";
				COPY_PHASE_STRIP = NO;
				CURRENT_PROJECT_VERSION = 1;
				DEBUG_INFORMATION_FORMAT = dwarf;
				ENABLE_STRICT_OBJC_MSGSEND = YES;
				ENABLE_TESTABILITY = YES;
				GCC_C_LANGUAGE_STANDARD = gnu99;
				GCC_DYNAMIC_NO_PIC = NO;
				GCC_NO_COMMON_BLOCKS = YES;
				GCC_OPTIMIZATION_LEVEL = 0;
				GCC_PREPROCESSOR_DEFINITIONS = (
					"DEBUG=1",
					"$(inherited)",
				);
				GCC_WARN_64_TO_32_BIT_CONVERSION = YES;
				GCC_WARN_ABOUT_RETURN_TYPE = YES_ERROR;
				GCC_WARN_UNDECLARED_SELECTOR = YES;
				GCC_WARN_UNINITIALIZED_AUTOS = YES_AGGRESSIVE;
				GCC_WARN_UNUSED_FUNCTION = YES;
				GCC_WARN_UNUSED_VARIABLE = YES;
				IPHONEOS_DEPLOYMENT_TARGET = 9.1;
				MTL_ENABLE_DEBUG_INFO = YES;
				ONLY_ACTIVE_ARCH = YES;
				SDKROOT = iphoneos;
				TARGETED_DEVICE_FAMILY = "1,2";
				VERSIONING_SYSTEM = "apple-generic";
				VERSION_INFO_PREFIX = "";
			};
			name = Debug;
		};
		667F8A241BE97E1900AECC1F /* Release */ = {
			isa = XCBuildConfiguration;
			buildSettings = {
				ALWAYS_SEARCH_USER_PATHS = NO;
				CLANG_CXX_LANGUAGE_STANDARD = "gnu++0x";
				CLANG_CXX_LIBRARY = "libc++";
				CLANG_ENABLE_MODULES = YES;
				CLANG_ENABLE_OBJC_ARC = YES;
				CLANG_WARN_BOOL_CONVERSION = YES;
				CLANG_WARN_CONSTANT_CONVERSION = YES;
				CLANG_WARN_DIRECT_OBJC_ISA_USAGE = YES_ERROR;
				CLANG_WARN_EMPTY_BODY = YES;
				CLANG_WARN_ENUM_CONVERSION = YES;
				CLANG_WARN_INT_CONVERSION = YES;
				CLANG_WARN_OBJC_ROOT_CLASS = YES_ERROR;
				CLANG_WARN_UNREACHABLE_CODE = YES;
				CLANG_WARN__DUPLICATE_METHOD_MATCH = YES;
				"CODE_SIGN_IDENTITY[sdk=iphoneos*]" = "iPhone Developer";
				COPY_PHASE_STRIP = NO;
				CURRENT_PROJECT_VERSION = 1;
				DEBUG_INFORMATION_FORMAT = "dwarf-with-dsym";
				ENABLE_NS_ASSERTIONS = NO;
				ENABLE_STRICT_OBJC_MSGSEND = YES;
				GCC_C_LANGUAGE_STANDARD = gnu99;
				GCC_NO_COMMON_BLOCKS = YES;
				GCC_WARN_64_TO_32_BIT_CONVERSION = YES;
				GCC_WARN_ABOUT_RETURN_TYPE = YES_ERROR;
				GCC_WARN_UNDECLARED_SELECTOR = YES;
				GCC_WARN_UNINITIALIZED_AUTOS = YES_AGGRESSIVE;
				GCC_WARN_UNUSED_FUNCTION = YES;
				GCC_WARN_UNUSED_VARIABLE = YES;
				IPHONEOS_DEPLOYMENT_TARGET = 9.1;
				MTL_ENABLE_DEBUG_INFO = NO;
				SDKROOT = iphoneos;
				TARGETED_DEVICE_FAMILY = "1,2";
				VALIDATE_PRODUCT = YES;
				VERSIONING_SYSTEM = "apple-generic";
				VERSION_INFO_PREFIX = "";
			};
			name = Release;
		};
		667F8A261BE97E1900AECC1F /* Debug */ = {
			isa = XCBuildConfiguration;
			baseConfigurationReference = BE0DD87F96E54D4E4431E145 /* Pods.debug.xcconfig */;
			buildSettings = {
				DEFINES_MODULE = YES;
				DYLIB_COMPATIBILITY_VERSION = 1;
				DYLIB_CURRENT_VERSION = 1;
				DYLIB_INSTALL_NAME_BASE = "@rpath";
				INFOPLIST_FILE = SDKTests/Info.plist;
				INSTALL_PATH = "$(LOCAL_LIBRARY_DIR)/Frameworks";
				LD_RUNPATH_SEARCH_PATHS = "$(inherited) @executable_path/Frameworks @loader_path/Frameworks";
				PRODUCT_BUNDLE_IDENTIFIER = DocuSIgn.SDKTests;
				PRODUCT_NAME = "$(TARGET_NAME)";
				SKIP_INSTALL = YES;
			};
			name = Debug;
		};
		667F8A271BE97E1900AECC1F /* Release */ = {
			isa = XCBuildConfiguration;
			baseConfigurationReference = 57D0D3D5C4A4A966D52B5449 /* Pods.release.xcconfig */;
			buildSettings = {
				DEFINES_MODULE = YES;
				DYLIB_COMPATIBILITY_VERSION = 1;
				DYLIB_CURRENT_VERSION = 1;
				DYLIB_INSTALL_NAME_BASE = "@rpath";
				INFOPLIST_FILE = SDKTests/Info.plist;
				INSTALL_PATH = "$(LOCAL_LIBRARY_DIR)/Frameworks";
				LD_RUNPATH_SEARCH_PATHS = "$(inherited) @executable_path/Frameworks @loader_path/Frameworks";
				PRODUCT_BUNDLE_IDENTIFIER = DocuSIgn.SDKTests;
				PRODUCT_NAME = "$(TARGET_NAME)";
				SKIP_INSTALL = YES;
			};
			name = Release;
		};
		667F8A291BE97E1900AECC1F /* Debug */ = {
			isa = XCBuildConfiguration;
			baseConfigurationReference = BE0DD87F96E54D4E4431E145 /* Pods.debug.xcconfig */;
			buildSettings = {
				INFOPLIST_FILE = SDKTestsTests/Info.plist;
				LD_RUNPATH_SEARCH_PATHS = "$(inherited) @executable_path/Frameworks @loader_path/Frameworks";
				PRODUCT_BUNDLE_IDENTIFIER = DocuSIgn.SDKTestsTests;
				PRODUCT_NAME = "$(TARGET_NAME)";
			};
			name = Debug;
		};
		667F8A2A1BE97E1900AECC1F /* Release */ = {
			isa = XCBuildConfiguration;
			baseConfigurationReference = 57D0D3D5C4A4A966D52B5449 /* Pods.release.xcconfig */;
			buildSettings = {
				INFOPLIST_FILE = SDKTestsTests/Info.plist;
				LD_RUNPATH_SEARCH_PATHS = "$(inherited) @executable_path/Frameworks @loader_path/Frameworks";
				PRODUCT_BUNDLE_IDENTIFIER = DocuSIgn.SDKTestsTests;
				PRODUCT_NAME = "$(TARGET_NAME)";
			};
			name = Release;
		};
/* End XCBuildConfiguration section */

/* Begin XCConfigurationList section */
		667F8A0B1BE97E1900AECC1F /* Build configuration list for PBXProject "SDKTests" */ = {
			isa = XCConfigurationList;
			buildConfigurations = (
				667F8A231BE97E1900AECC1F /* Debug */,
				667F8A241BE97E1900AECC1F /* Release */,
			);
			defaultConfigurationIsVisible = 0;
			defaultConfigurationName = Release;
		};
		667F8A251BE97E1900AECC1F /* Build configuration list for PBXNativeTarget "SDKTests" */ = {
			isa = XCConfigurationList;
			buildConfigurations = (
				667F8A261BE97E1900AECC1F /* Debug */,
				667F8A271BE97E1900AECC1F /* Release */,
			);
			defaultConfigurationIsVisible = 0;
			defaultConfigurationName = Release;
		};
		667F8A281BE97E1900AECC1F /* Build configuration list for PBXNativeTarget "SDKTestsTests" */ = {
			isa = XCConfigurationList;
			buildConfigurations = (
				667F8A291BE97E1900AECC1F /* Debug */,
				667F8A2A1BE97E1900AECC1F /* Release */,
			);
			defaultConfigurationIsVisible = 0;
			defaultConfigurationName = Release;
		};
/* End XCConfigurationList section */
	};
	rootObject = 667F8A081BE97E1900AECC1F /* Project object */;
}
